<?xml version="1.0" encoding="UTF-8" standalone="yes" ?>
<CodeBlocks_project_file>
	<FileVersion major="1" minor="6" />
	<Project>
		<Option title="C compiler" />
		<Option pch_mode="2" />
		<Option compiler="gcc" />
		<Build>
			<Target title="debug">
				<Option output="bin\debug\cc" prefix_auto="1" extension_auto="1" />
				<Option object_output="obj\debug\" />
				<Option type="1" />
				<Option compiler="gcc" />
				<Option parameters="tests/factorial.c" />
				<Option projectCompilerOptionsRelation="0" />
				<Compiler>
					<Add option="-Wmain" />
					<Add option="-pedantic" />
					<Add option="-Wextra" />
					<Add option="-Wall" />
				</Compiler>
			</Target>
			<Target title="release">
				<Option output="bin\release\cc" prefix_auto="1" extension_auto="1" />
				<Option object_output="obj\release\" />
				<Option type="1" />
				<Option compiler="gcc" />
				<Option projectCompilerOptionsRelation="0" />
				<Compiler>
					<Add option="-O2" />
				</Compiler>
				<Linker>
					<Add option="-s" />
				</Linker>
			</Target>
		</Build>
		<Compiler>
			<Add option="-Wshadow" />
			<Add option="-Winit-self" />
			<Add option="-Wredundant-decls" />
			<Add option="-Wcast-align" />
			<Add option="-Wundef" />
			<Add option="-Wfloat-equal" />
			<Add option="-Winline" />
			<Add option="-Wunreachable-code" />
			<Add option="-Wmissing-declarations" />
			<Add option="-Wmissing-include-dirs" />
			<Add option="-Wswitch-enum" />
			<Add option="-Wswitch-default" />
			<Add option="-Wmain" />
			<Add option="-pedantic" />
			<Add option="-Wextra" />
			<Add option="-Wall" />
			<Add option="-std=c11" />
		</Compiler>
		<Unit filename="compile.sh">
			<Option target="&lt;{~None~}&gt;" />
		</Unit>
		<Unit filename="docs\todo.txt">
			<Option target="&lt;{~None~}&gt;" />
		</Unit>
		<Unit filename="grammar.txt">
			<Option target="&lt;{~None~}&gt;" />
		</Unit>
		<Unit filename="inc\analyzer-value.h" />
		<Unit filename="inc\analyzer.h" />
		<Unit filename="inc\asm-amd64.h" />
		<Unit filename="inc\asm.h" />
		<Unit filename="inc\ast.h" />
		<Unit filename="inc\debug.h" />
		<Unit filename="inc\emitter-value.h" />
		<Unit filename="inc\emitter.h" />
		<Unit filename="inc\lexer.h" />
		<Unit filename="inc\main.h" />
		<Unit filename="inc\operand.h" />
		<Unit filename="inc\parser-helpers.h" />
		<Unit filename="inc\parser-value.h" />
		<Unit filename="inc\parser.h" />
		<Unit filename="inc\reg.h" />
		<Unit filename="inc\stream.h" />
		<Unit filename="inc\sym.h" />
		<Unit filename="inc\type.h" />
		<Unit filename="src\analyzer-value.c">
			<Option compilerVar="CC" />
		</Unit>
		<Unit filename="src\analyzer.c">
			<Option compilerVar="CC" />
		</Unit>
		<Unit filename="src\asm-amd64.c">
			<Option compilerVar="CC" />
		</Unit>
		<Unit filename="src\asm.c">
			<Option compilerVar="CC" />
		</Unit>
		<Unit filename="src\ast.c">
			<Option compilerVar="CC" />
		</Unit>
		<Unit filename="src\debug.c">
			<Option compilerVar="CC" />
		</Unit>
		<Unit filename="src\emitter-value.c">
			<Option compilerVar="CC" />
		</Unit>
		<Unit filename="src\emitter.c">
			<Option compilerVar="CC" />
		</Unit>
		<Unit filename="src\lexer.c">
			<Option compilerVar="CC" />
		</Unit>
		<Unit filename="src\main.c">
			<Option compilerVar="CC" />
		</Unit>
		<Unit filename="src\operand.c">
			<Option compilerVar="CC" />
		</Unit>
		<Unit filename="src\parser-helpers.c">
			<Option compilerVar="CC" />
		</Unit>
		<Unit filename="src\parser-value.c">
			<Option compilerVar="CC" />
		</Unit>
		<Unit filename="src\parser.c">
			<Option compilerVar="CC" />
		</Unit>
		<Unit filename="src\reg.c">
			<Option compilerVar="CC" />
		</Unit>
		<Unit filename="src\std.c">
			<Option compilerVar="CC" />
		</Unit>
		<Unit filename="src\stream.c">
			<Option compilerVar="CC" />
		</Unit>
		<Unit filename="src\sym.c">
			<Option compilerVar="CC" />
		</Unit>
		<Unit filename="src\type.c">
			<Option compilerVar="CC" />
		</Unit>
		<Unit filename="std\std.h" />
		<Unit filename="std\stdio.h" />
		<Unit filename="std\stdlib.h" />
		<Unit filename="tests\factorial.asm">
			<Option compile="0" />
			<Option link="0" />
			<Option target="&lt;{~None~}&gt;" />
		</Unit>
		<Unit filename="tests\factorial.c">
			<Option compilerVar="CC" />
			<Option compile="0" />
			<Option link="0" />
			<Option target="&lt;{~None~}&gt;" />
		</Unit>
		<Unit filename="tests\map.c">
			<Option compilerVar="CC" />
			<Option compile="0" />
			<Option link="0" />
			<Option target="&lt;{~None~}&gt;" />
		</Unit>
		<Unit filename="tests\return.asm">
			<Option compile="0" />
			<Option link="0" />
			<Option target="&lt;{~None~}&gt;" />
		</Unit>
		<Unit filename="tests\return.c">
			<Option compilerVar="CC" />
			<Option compile="0" />
			<Option link="0" />
			<Option target="&lt;{~None~}&gt;" />
		</Unit>
		<Extensions>
			<code_completion />
			<envvars />
			<debugger />
		</Extensions>
	</Project>
</CodeBlocks_project_file>
